// !$*UTF8*$!
{
	archiveVersion = 1;
	classes = {
	};
	objectVersion = 46;
	objects = {

/* Begin PBXBuildFile section */
		F9092E2A1E386F1400420247 /* Sudoku.c in Sources */ = {isa = PBXBuildFile; fileRef = F9092E261E386F1400420247 /* Sudoku.c */; };
		F9092E2B1E386F1400420247 /* SudokuAlgorithms.c in Sources */ = {isa = PBXBuildFile; fileRef = F9092E281E386F1400420247 /* SudokuAlgorithms.c */; };
		F90D4E621E38954000AF23C5 /* DismissSegue.m in Sources */ = {isa = PBXBuildFile; fileRef = F90D4E611E38954000AF23C5 /* DismissSegue.m */; };
		F99789731E38695000F38B8A /* main.m in Sources */ = {isa = PBXBuildFile; fileRef = F99789721E38695000F38B8A /* main.m */; };
		F99789761E38695000F38B8A /* AppDelegate.m in Sources */ = {isa = PBXBuildFile; fileRef = F99789751E38695000F38B8A /* AppDelegate.m */; };
		F99789791E38695000F38B8A /* ViewController.m in Sources */ = {isa = PBXBuildFile; fileRef = F99789781E38695000F38B8A /* ViewController.m */; };
		F997897C1E38695000F38B8A /* Main.storyboard in Resources */ = {isa = PBXBuildFile; fileRef = F997897A1E38695000F38B8A /* Main.storyboard */; };
		F997897E1E38695000F38B8A /* Assets.xcassets in Resources */ = {isa = PBXBuildFile; fileRef = F997897D1E38695000F38B8A /* Assets.xcassets */; };
		F99789811E38695000F38B8A /* LaunchScreen.storyboard in Resources */ = {isa = PBXBuildFile; fileRef = F997897F1E38695000F38B8A /* LaunchScreen.storyboard */; };
		F9CA9D681E387CF000536E97 /* SudokuCell.m in Sources */ = {isa = PBXBuildFile; fileRef = F9CA9D601E387CF000536E97 /* SudokuCell.m */; };
		F9CA9D691E387CF000536E97 /* SudokuGrid.m in Sources */ = {isa = PBXBuildFile; fileRef = F9CA9D631E387CF000536E97 /* SudokuGrid.m */; };
		F9CA9D6A1E387CF000536E97 /* Theme.m in Sources */ = {isa = PBXBuildFile; fileRef = F9CA9D651E387CF000536E97 /* Theme.m */; };
		F9CA9D6B1E387CF000536E97 /* UIView+Borders.m in Sources */ = {isa = PBXBuildFile; fileRef = F9CA9D671E387CF000536E97 /* UIView+Borders.m */; };
/* End PBXBuildFile section */

/* Begin PBXFileReference section */
		F9092E261E386F1400420247 /* Sudoku.c */ = {isa = PBXFileReference; fileEncoding = 4; lastKnownFileType = sourcecode.c.c; name = Sudoku.c; path = ../algo/Sudoku.c; sourceTree = "<group>"; };
		F9092E271E386F1400420247 /* Sudoku.h */ = {isa = PBXFileReference; fileEncoding = 4; lastKnownFileType = sourcecode.c.h; name = Sudoku.h; path = ../algo/Sudoku.h; sourceTree = "<group>"; };
		F9092E281E386F1400420247 /* SudokuAlgorithms.c */ = {isa = PBXFileReference; fileEncoding = 4; lastKnownFileType = sourcecode.c.c; name = SudokuAlgorithms.c; path = ../algo/SudokuAlgorithms.c; sourceTree = "<group>"; };
		F9092E291E386F1400420247 /* SudokuAlgorithms.h */ = {isa = PBXFileReference; fileEncoding = 4; lastKnownFileType = sourcecode.c.h; name = SudokuAlgorithms.h; path = ../algo/SudokuAlgorithms.h; sourceTree = "<group>"; };
		F90D4E601E38954000AF23C5 /* DismissSegue.h */ = {isa = PBXFileReference; fileEncoding = 4; lastKnownFileType = sourcecode.c.h; path = DismissSegue.h; sourceTree = "<group>"; };
		F90D4E611E38954000AF23C5 /* DismissSegue.m */ = {isa = PBXFileReference; fileEncoding = 4; lastKnownFileType = sourcecode.c.objc; path = DismissSegue.m; sourceTree = "<group>"; };
		F997896E1E38695000F38B8A /* MySudoku.app */ = {isa = PBXFileReference; explicitFileType = wrapper.application; includeInIndex = 0; path = MySudoku.app; sourceTree = BUILT_PRODUCTS_DIR; };
		F99789721E38695000F38B8A /* main.m */ = {isa = PBXFileReference; lastKnownFileType = sourcecode.c.objc; path = main.m; sourceTree = "<group>"; };
		F99789741E38695000F38B8A /* AppDelegate.h */ = {isa = PBXFileReference; lastKnownFileType = sourcecode.c.h; path = AppDelegate.h; sourceTree = "<group>"; };
		F99789751E38695000F38B8A /* AppDelegate.m */ = {isa = PBXFileReference; lastKnownFileType = sourcecode.c.objc; path = AppDelegate.m; sourceTree = "<group>"; };
		F99789771E38695000F38B8A /* ViewController.h */ = {isa = PBXFileReference; lastKnownFileType = sourcecode.c.h; path = ViewController.h; sourceTree = "<group>"; };
		F99789781E38695000F38B8A /* ViewController.m */ = {isa = PBXFileReference; lastKnownFileType = sourcecode.c.objc; path = ViewController.m; sourceTree = "<group>"; };
		F997897B1E38695000F38B8A /* Base */ = {isa = PBXFileReference; lastKnownFileType = file.storyboard; name = Base; path = Base.lproj/Main.storyboard; sourceTree = "<group>"; };
		F997897D1E38695000F38B8A /* Assets.xcassets */ = {isa = PBXFileReference; lastKnownFileType = folder.assetcatalog; path = Assets.xcassets; sourceTree = "<group>"; };
		F99789801E38695000F38B8A /* Base */ = {isa = PBXFileReference; lastKnownFileType = file.storyboard; name = Base; path = Base.lproj/LaunchScreen.storyboard; sourceTree = "<group>"; };
		F99789821E38695000F38B8A /* Info.plist */ = {isa = PBXFileReference; lastKnownFileType = text.plist.xml; path = Info.plist; sourceTree = "<group>"; };
		F9CA9D5F1E387CF000536E97 /* SudokuCell.h */ = {isa = PBXFileReference; fileEncoding = 4; lastKnownFileType = sourcecode.c.h; path = SudokuCell.h; sourceTree = "<group>"; };
		F9CA9D601E387CF000536E97 /* SudokuCell.m */ = {isa = PBXFileReference; fileEncoding = 4; lastKnownFileType = sourcecode.c.objc; path = SudokuCell.m; sourceTree = "<group>"; };
		F9CA9D611E387CF000536E97 /* SudokuDataSource.h */ = {isa = PBXFileReference; fileEncoding = 4; lastKnownFileType = sourcecode.c.h; path = SudokuDataSource.h; sourceTree = "<group>"; };
		F9CA9D621E387CF000536E97 /* SudokuGrid.h */ = {isa = PBXFileReference; fileEncoding = 4; lastKnownFileType = sourcecode.c.h; path = SudokuGrid.h; sourceTree = "<group>"; };
		F9CA9D631E387CF000536E97 /* SudokuGrid.m */ = {isa = PBXFileReference; fileEncoding = 4; lastKnownFileType = sourcecode.c.objc; path = SudokuGrid.m; sourceTree = "<group>"; };
		F9CA9D641E387CF000536E97 /* Theme.h */ = {isa = PBXFileReference; fileEncoding = 4; lastKnownFileType = sourcecode.c.h; path = Theme.h; sourceTree = "<group>"; };
		F9CA9D651E387CF000536E97 /* Theme.m */ = {isa = PBXFileReference; fileEncoding = 4; lastKnownFileType = sourcecode.c.objc; path = Theme.m; sourceTree = "<group>"; };
		F9CA9D661E387CF000536E97 /* UIView+Borders.h */ = {isa = PBXFileReference; fileEncoding = 4; lastKnownFileType = sourcecode.c.h; path = "UIView+Borders.h"; sourceTree = "<group>"; };
		F9CA9D671E387CF000536E97 /* UIView+Borders.m */ = {isa = PBXFileReference; fileEncoding = 4; lastKnownFileType = sourcecode.c.objc; path = "UIView+Borders.m"; sourceTree = "<group>"; };
/* End PBXFileReference section */

/* Begin PBXFrameworksBuildPhase section */
		F997896B1E38695000F38B8A /* Frameworks */ = {
			isa = PBXFrameworksBuildPhase;
			buildActionMask = 2147483647;
			files = (
			);
			runOnlyForDeploymentPostprocessing = 0;
		};
/* End PBXFrameworksBuildPhase section */

/* Begin PBXGroup section */
		F9092E2C1E386F2800420247 /* algo */ = {
			isa = PBXGroup;
			children = (
				F9092E261E386F1400420247 /* Sudoku.c */,
				F9092E271E386F1400420247 /* Sudoku.h */,
				F9092E281E386F1400420247 /* SudokuAlgorithms.c */,
				F9092E291E386F1400420247 /* SudokuAlgorithms.h */,
			);
			name = algo;
			sourceTree = "<group>";
		};
		F99789651E38694F00F38B8A = {
			isa = PBXGroup;
			children = (
				F9092E2C1E386F2800420247 /* algo */,
				F99789701E38695000F38B8A /* MySudoku */,
				F997896F1E38695000F38B8A /* Products */,
			);
			sourceTree = "<group>";
		};
		F997896F1E38695000F38B8A /* Products */ = {
			isa = PBXGroup;
			children = (
				F997896E1E38695000F38B8A /* MySudoku.app */,
			);
			name = Products;
			sourceTree = "<group>";
		};
		F99789701E38695000F38B8A /* MySudoku */ = {
			isa = PBXGroup;
			children = (
				F90D4E601E38954000AF23C5 /* DismissSegue.h */,
				F90D4E611E38954000AF23C5 /* DismissSegue.m */,
				F9CA9D5F1E387CF000536E97 /* SudokuCell.h */,
				F9CA9D601E387CF000536E97 /* SudokuCell.m */,
				F9CA9D611E387CF000536E97 /* SudokuDataSource.h */,
				F9CA9D621E387CF000536E97 /* SudokuGrid.h */,
				F9CA9D631E387CF000536E97 /* SudokuGrid.m */,
				F9CA9D641E387CF000536E97 /* Theme.h */,
				F9CA9D651E387CF000536E97 /* Theme.m */,
				F9CA9D661E387CF000536E97 /* UIView+Borders.h */,
				F9CA9D671E387CF000536E97 /* UIView+Borders.m */,
				F99789741E38695000F38B8A /* AppDelegate.h */,
				F99789751E38695000F38B8A /* AppDelegate.m */,
				F99789771E38695000F38B8A /* ViewController.h */,
				F99789781E38695000F38B8A /* ViewController.m */,
				F997897A1E38695000F38B8A /* Main.storyboard */,
				F997897D1E38695000F38B8A /* Assets.xcassets */,
				F997897F1E38695000F38B8A /* LaunchScreen.storyboard */,
				F99789821E38695000F38B8A /* Info.plist */,
				F99789711E38695000F38B8A /* Supporting Files */,
			);
			path = MySudoku;
			sourceTree = "<group>";
		};
		F99789711E38695000F38B8A /* Supporting Files */ = {
			isa = PBXGroup;
			children = (
				F99789721E38695000F38B8A /* main.m */,
			);
			name = "Supporting Files";
			sourceTree = "<group>";
		};
/* End PBXGroup section */

/* Begin PBXNativeTarget section */
		F997896D1E38695000F38B8A /* MySudoku */ = {
			isa = PBXNativeTarget;
			buildConfigurationList = F99789851E38695000F38B8A /* Build configuration list for PBXNativeTarget "MySudoku" */;
			buildPhases = (
				F997896A1E38695000F38B8A /* Sources */,
				F997896B1E38695000F38B8A /* Frameworks */,
				F997896C1E38695000F38B8A /* Resources */,
			);
			buildRules = (
			);
			dependencies = (
			);
			name = MySudoku;
			productName = MySudoku;
			productReference = F997896E1E38695000F38B8A /* MySudoku.app */;
			productType = "com.apple.product-type.application";
		};
/* End PBXNativeTarget section */

/* Begin PBXProject section */
		F99789661E38694F00F38B8A /* Project object */ = {
			isa = PBXProject;
			attributes = {
				LastUpgradeCheck = 0820;
				ORGANIZATIONNAME = "Julien Lemaitre";
				TargetAttributes = {
					F997896D1E38695000F38B8A = {
						CreatedOnToolsVersion = 8.2.1;
						ProvisioningStyle = Automatic;
					};
				};
			};
			buildConfigurationList = F99789691E38695000F38B8A /* Build configuration list for PBXProject "MySudoku" */;
			compatibilityVersion = "Xcode 3.2";
			developmentRegion = English;
			hasScannedForEncodings = 0;
			knownRegions = (
				en,
				Base,
			);
			mainGroup = F99789651E38694F00F38B8A;
			productRefGroup = F997896F1E38695000F38B8A /* Products */;
			projectDirPath = "";
			projectRoot = "";
			targets = (
				F997896D1E38695000F38B8A /* MySudoku */,
			);
		};
/* End PBXProject section */

/* Begin PBXResourcesBuildPhase section */
		F997896C1E38695000F38B8A /* Resources */ = {
			isa = PBXResourcesBuildPhase;
			buildActionMask = 2147483647;
			files = (
				F99789811E38695000F38B8A /* LaunchScreen.storyboard in Resources */,
				F997897E1E38695000F38B8A /* Assets.xcassets in Resources */,
				F997897C1E38695000F38B8A /* Main.storyboard in Resources */,
			);
			runOnlyForDeploymentPostprocessing = 0;
		};
/* End PBXResourcesBuildPhase section */

/* Begin PBXSourcesBuildPhase section */
		F997896A1E38695000F38B8A /* Sources */ = {
			isa = PBXSourcesBuildPhase;
			buildActionMask = 2147483647;
			files = (
				F9092E2A1E386F1400420247 /* Sudoku.c in Sources */,
				F99789791E38695000F38B8A /* ViewController.m in Sources */,
				F90D4E621E38954000AF23C5 /* DismissSegue.m in Sources */,
				F9CA9D6B1E387CF000536E97 /* UIView+Borders.m in Sources */,
				F9CA9D691E387CF000536E97 /* SudokuGrid.m in Sources */,
				F9CA9D681E387CF000536E97 /* SudokuCell.m in Sources */,
				F99789761E38695000F38B8A /* AppDelegate.m in Sources */,
				F9CA9D6A1E387CF000536E97 /* Theme.m in Sources */,
				F99789731E38695000F38B8A /* main.m in Sources */,
				F9092E2B1E386F1400420247 /* SudokuAlgorithms.c in Sources */,
			);
			runOnlyForDeploymentPostprocessing = 0;
		};
/* End PBXSourcesBuildPhase section */

/* Begin PBXVariantGroup section */
		F997897A1E38695000F38B8A /* Main.storyboard */ = {
			isa = PBXVariantGroup;
			children = (
				F997897B1E38695000F38B8A /* Base */,
			);
			name = Main.storyboard;
			sourceTree = "<group>";
		};
		F997897F1E38695000F38B8A /* LaunchScreen.storyboard */ = {
			isa = PBXVariantGroup;
			children = (
				F99789801E38695000F38B8A /* Base */,
			);
			name = LaunchScreen.storyboard;
			sourceTree = "<group>";
		};
/* End PBXVariantGroup section */

/* Begin XCBuildConfiguration section */
		F99789831E38695000F38B8A /* Debug */ = {
			isa = XCBuildConfiguration;
			buildSettings = {
				ALWAYS_SEARCH_USER_PATHS = NO;
				CLANG_ANALYZER_NONNULL = YES;
				CLANG_CXX_LANGUAGE_STANDARD = "gnu++0x";
				CLANG_CXX_LIBRARY = "libc++";
				CLANG_ENABLE_MODULES = YES;
				CLANG_ENABLE_OBJC_ARC = YES;
				CLANG_WARN_BOOL_CONVERSION = YES;
				CLANG_WARN_CONSTANT_CONVERSION = YES;
				CLANG_WARN_DIRECT_OBJC_ISA_USAGE = YES_ERROR;
				CLANG_WARN_DOCUMENTATION_COMMENTS = YES;
				CLANG_WARN_EMPTY_BODY = YES;
				CLANG_WARN_ENUM_CONVERSION = YES;
				CLANG_WARN_INFINITE_RECURSION = YES;
				CLANG_WARN_INT_CONVERSION = YES;
				CLANG_WARN_OBJC_ROOT_CLASS = YES_ERROR;
				CLANG_WARN_SUSPICIOUS_MOVE = YES;
				CLANG_WARN_UNREACHABLE_CODE = YES;
				CLANG_WARN__DUPLICATE_METHOD_MATCH = YES;
				"CODE_SIGN_IDENTITY[sdk=iphoneos*]" = "iPhone Developer";
				COPY_PHASE_STRIP = NO;
				DEBUG_INFORMATION_FORMAT = dwarf;
				ENABLE_STRICT_OBJC_MSGSEND = YES;
				ENABLE_TESTABILITY = YES;
				GCC_C_LANGUAGE_STANDARD = gnu99;
				GCC_DYNAMIC_NO_PIC = NO;
				GCC_NO_COMMON_BLOCKS = YES;
				GCC_OPTIMIZATION_LEVEL = 0;
				GCC_PREPROCESSOR_DEFINITIONS = (
					"DEBUG=1",
					"$(inherited)",
				);
				GCC_WARN_64_TO_32_BIT_CONVERSION = YES;
				GCC_WARN_ABOUT_RETURN_TYPE = YES_ERROR;
				GCC_WARN_UNDECLARED_SELECTOR = YES;
				GCC_WARN_UNINITIALIZED_AUTOS = YES_AGGRESSIVE;
				GCC_WARN_UNUSED_FUNCTION = YES;
				GCC_WARN_UNUSED_VARIABLE = YES;
				IPHONEOS_DEPLOYMENT_TARGET = 10.2;
				MTL_ENABLE_DEBUG_INFO = YES;
				ONLY_ACTIVE_ARCH = YES;
				SDKROOT = iphoneos;
				TARGETED_DEVICE_FAMILY = "1,2";
			};
			name = Debug;
		};
		F99789841E38695000F38B8A /* Release */ = {
			isa = XCBuildConfiguration;
			buildSettings = {
				ALWAYS_SEARCH_USER_PATHS = NO;
				CLANG_ANALYZER_NONNULL = YES;
				CLANG_CXX_LANGUAGE_STANDARD = "gnu++0x";
				CLANG_CXX_LIBRARY = "libc++";
				CLANG_ENABLE_MODULES = YES;
				CLANG_ENABLE_OBJC_ARC = YES;
				CLANG_WARN_BOOL_CONVERSION = YES;
				CLANG_WARN_CONSTANT_CONVERSION = YES;
				CLANG_WARN_DIRECT_OBJC_ISA_USAGE = YES_ERROR;
				CLANG_WARN_DOCUMENTATION_COMMENTS = YES;
				CLANG_WARN_EMPTY_BODY = YES;
				CLANG_WARN_ENUM_CONVERSION = YES;
				CLANG_WARN_INFINITE_RECURSION = YES;
				CLANG_WARN_INT_CONVERSION = YES;
				CLANG_WARN_OBJC_ROOT_CLASS = YES_ERROR;
				CLANG_WARN_SUSPICIOUS_MOVE = YES;
				CLANG_WARN_UNREACHABLE_CODE = YES;
				CLANG_WARN__DUPLICATE_METHOD_MATCH = YES;
				"CODE_SIGN_IDENTITY[sdk=iphoneos*]" = "iPhone Developer";
				COPY_PHASE_STRIP = NO;
				DEBUG_INFORMATION_FORMAT = "dwarf-with-dsym";
				ENABLE_NS_ASSERTIONS = NO;
				ENABLE_STRICT_OBJC_MSGSEND = YES;
				GCC_C_LANGUAGE_STANDARD = gnu99;
				GCC_NO_COMMON_BLOCKS = YES;
				GCC_WARN_64_TO_32_BIT_CONVERSION = YES;
				GCC_WARN_ABOUT_RETURN_TYPE = YES_ERROR;
				GCC_WARN_UNDECLARED_SELECTOR = YES;
				GCC_WARN_UNINITIALIZED_AUTOS = YES_AGGRESSIVE;
				GCC_WARN_UNUSED_FUNCTION = YES;
				GCC_WARN_UNUSED_VARIABLE = YES;
				IPHONEOS_DEPLOYMENT_TARGET = 10.2;
				MTL_ENABLE_DEBUG_INFO = NO;
				SDKROOT = iphoneos;
				TARGETED_DEVICE_FAMILY = "1,2";
				VALIDATE_PRODUCT = YES;
			};
			name = Release;
		};
		F99789861E38695000F38B8A /* Debug */ = {
			isa = XCBuildConfiguration;
			buildSettings = {
				ASSETCATALOG_COMPILER_APPICON_NAME = AppIcon;
				INFOPLIST_FILE = MySudoku/Info.plist;
				LD_RUNPATH_SEARCH_PATHS = "$(inherited) @executable_path/Frameworks";
				PRODUCT_BUNDLE_IDENTIFIER = JL.MySudoku;
				PRODUCT_NAME = "$(TARGET_NAME)";
			};
			name = Debug;
		};
		F99789871E38695000F38B8A /* Release */ = {
			isa = XCBuildConfiguration;
			buildSettings = {
				ASSETCATALOG_COMPILER_APPICON_NAME = AppIcon;
				INFOPLIST_FILE = MySudoku/Info.plist;
				LD_RUNPATH_SEARCH_PATHS = "$(inherited) @executable_path/Frameworks";
				PRODUCT_BUNDLE_IDENTIFIER = JL.MySudoku;
				PRODUCT_NAME = "$(TARGET_NAME)";
			};
			name = Release;
		};
/* End XCBuildConfiguration section */

/* Begin XCConfigurationList section */
		F99789691E38695000F38B8A /* Build configuration list for PBXProject "MySudoku" */ = {
			isa = XCConfigurationList;
			buildConfigurations = (
				F99789831E38695000F38B8A /* Debug */,
				F99789841E38695000F38B8A /* Release */,
			);
			defaultConfigurationIsVisible = 0;
			defaultConfigurationName = Release;
		};
		F99789851E38695000F38B8A /* Build configuration list for PBXNativeTarget "MySudoku" */ = {
			isa = XCConfigurationList;
			buildConfigurations = (
				F99789861E38695000F38B8A /* Debug */,
				F99789871E38695000F38B8A /* Release */,
			);
			defaultConfigurationIsVisible = 0;
			defaultConfigurationName = Release;
		};
/* End XCConfigurationList section */
	};
	rootObject = F99789661E38694F00F38B8A /* Project object */;
}
